
Microsoft Visual Studio Solution File, Format Version 12.00
# Visual Studio Version 16
VisualStudioVersion = 16.0.30523.141
MinimumVisualStudioVersion = 10.0.40219.1
Project("{9A19103F-16F7-4668-BE54-9A1E7A4F7556}") = "DSApi", "DSApi\DSApi.csproj", "{2E003CDC-128D-4F83-8B61-8B20DF2FC203}"
EndProject
Project("{FAE04EC0-301F-11D3-BF4B-00C04F79EFBC}") = "DSApiTest", "DSApiTest\DSApiTest.csproj", "{6D159E16-F7DC-4C44-9E65-B28982CF81BC}"
EndProject
Global
	GlobalSection(SolutionConfigurationPlatforms) = preSolution
		Debug|Any CPU = Debug|Any CPU
		Release|Any CPU = Release|Any CPU
	EndGlobalSection
	GlobalSection(ProjectConfigurationPlatforms) = postSolution
		{2E003CDC-128D-4F83-8B61-8B20DF2FC203}.Debug|Any CPU.ActiveCfg = Debug|Any CPU
		{2E003CDC-128D-4F83-8B61-8B20DF2FC203}.Debug|Any CPU.Build.0 = Debug|Any CPU
		{2E003CDC-128D-4F83-8B61-8B20DF2FC203}.Release|Any CPU.ActiveCfg = Release|Any CPU
		{2E003CDC-128D-4F83-8B61-8B20DF2FC203}.Release|Any CPU.Build.0 = Release|Any CPU
		{6D159E16-F7DC-4C44-9E65-B28982CF81BC}.Debug|Any CPU.ActiveCfg = Debug|Any CPU
		{6D159E16-F7DC-4C44-9E65-B28982CF81BC}.Debug|Any CPU.Build.0 = Debug|Any CPU
		{6D159E16-F7DC-4C44-9E65-B28982CF81BC}.Release|Any CPU.ActiveCfg = Release|Any CPU
		{6D159E16-F7DC-4C44-9E65-B28982CF81BC}.Release|Any CPU.Build.0 = Release|Any CPU
	EndGlobalSection
	GlobalSection(SolutionProperties) = preSolution
		HideSolutionNode = FALSE
	EndGlobalSection
	GlobalSection(ExtensibilityGlobals) = postSolution
		SolutionGuid = {B0CECA7E-D052-4225-924A-C8847CE766DA}
	EndGlobalSection
EndGlobal
